
Microsoft Visual Studio Solution File, Format Version 12.00
# Visual Studio 2012
Project("{FAE04EC0-301F-11D3-BF4B-00C04F79EFBC}") = "BoingPatch Manifest GUI", "BoingPatch Manifest GUI\BoingPatch Manifest GUI.csproj", "{5E8662C0-D9D6-4BEA-8DC6-A7CCB819724E}"
EndProject
Global
	GlobalSection(SolutionConfigurationPlatforms) = preSolution
		Debug|Any CPU = Debug|Any CPU
		Release|Any CPU = Release|Any CPU
	EndGlobalSection
	GlobalSection(ProjectConfigurationPlatforms) = postSolution
		{5E8662C0-D9D6-4BEA-8DC6-A7CCB819724E}.Debug|Any CPU.ActiveCfg = Debug|Any CPU
		{5E8662C0-D9D6-4BEA-8DC6-A7CCB819724E}.Debug|Any CPU.Build.0 = Debug|Any CPU
		{5E8662C0-D9D6-4BEA-8DC6-A7CCB819724E}.Release|Any CPU.ActiveCfg = Release|Any CPU
		{5E8662C0-D9D6-4BEA-8DC6-A7CCB819724E}.Release|Any CPU.Build.0 = Release|Any CPU
	EndGlobalSection
	GlobalSection(SolutionProperties) = preSolution
		HideSolutionNode = FALSE
	EndGlobalSection
EndGlobal
